<?xml version="1.0" encoding="UTF-8"?>
<Scheme
   version = "1.3">
   <BuildAction>
      <BuildActionEntries>
         <BuildActionEntry
            buildForRunning = "YES">
            <BuildableReference
               BuildableIdentifier = "primary"
               BlueprintIdentifier = "1BB81B5C27B26EAF007F7A57"
               BuildableName = "PG UIKit Calculator.app"
               BlueprintName = "PG UIKit Calculator"
               ReferencedContainer = "container:PG UIKit Calculator.xcodeproj">
            </BuildableReference>
         </BuildActionEntry>
      </BuildActionEntries>
   </BuildAction>
   <LaunchAction
      useCustomWorkingDirectory = "NO"
      buildConfiguration = "Debug"
      allowLocationSimulation = "YES">
      <BuildableProductRunnable>
         <BuildableReference
            BuildableIdentifier = "primary"
            BlueprintIdentifier = "1BB81B5C27B26EAF007F7A57"
            BuildableName = "PG UIKit Calculator.app"
            BlueprintName = "PG UIKit Calculator"
            ReferencedContainer = "container:PG UIKit Calculator.xcodeproj">
         </BuildableReference>
      </BuildableProductRunnable>
   </LaunchAction>
</Scheme>
