// !$*UTF8*$!
{
	archiveVersion = 1;
	classes = {
	};
	objectVersion = 55;
	objects = {

/* Begin PBXBuildFile section */
		1BB81B6127B26EAF007F7A57 /* AppDelegate.swift in Sources */ = {isa = PBXBuildFile; fileRef = 1BB81B6027B26EAF007F7A57 /* AppDelegate.swift */; };
		1BB81B6527B26EAF007F7A57 /* ViewController.swift in Sources */ = {isa = PBXBuildFile; fileRef = 1BB81B6427B26EAF007F7A57 /* ViewController.swift */; };
		1BB81B6A27B26EB1007F7A57 /* Assets.xcassets in Resources */ = {isa = PBXBuildFile; fileRef = 1BB81B6927B26EB1007F7A57 /* Assets.xcassets */; };
		1BB81B6D27B26EB1007F7A57 /* LaunchScreen.storyboard in Resources */ = {isa = PBXBuildFile; fileRef = 1BB81B6B27B26EB1007F7A57 /* LaunchScreen.storyboard */; };
		1BB81BA027B2A4E4007F7A57 /* ButtonsHStack.swift in Sources */ = {isa = PBXBuildFile; fileRef = 1BB81B9F27B2A4E4007F7A57 /* ButtonsHStack.swift */; };
		1BB81BA327B2A539007F7A57 /* NumpadVStack.swift in Sources */ = {isa = PBXBuildFile; fileRef = 1BB81BA227B2A539007F7A57 /* NumpadVStack.swift */; };
		2E2597152D616DB6DBEBB6C7 /* Pods_PG_UIKit_Calculator.framework in Frameworks */ = {isa = PBXBuildFile; fileRef = 29A982D48558E3A8C3D6AE71 /* Pods_PG_UIKit_Calculator.framework */; };
		AFBCA37AD07E45E774C27A05 /* CalculatorViewController.swift in Sources */ = {isa = PBXBuildFile; fileRef = AFBCADB1076F7D4F5497739E /* CalculatorViewController.swift */; };
		AFBCAF2AC498C5A6C3B6DD64 /* CalculatorViewModel.swift in Sources */ = {isa = PBXBuildFile; fileRef = AFBCAF06B4BE72D7D06F5D93 /* CalculatorViewModel.swift */; };
/* End PBXBuildFile section */

/* Begin PBXFileReference section */
		1BB81B5D27B26EAF007F7A57 /* PG UIKit Calculator.app */ = {isa = PBXFileReference; explicitFileType = wrapper.application; includeInIndex = 0; path = "PG UIKit Calculator.app"; sourceTree = BUILT_PRODUCTS_DIR; };
		1BB81B6027B26EAF007F7A57 /* AppDelegate.swift */ = {isa = PBXFileReference; lastKnownFileType = sourcecode.swift; path = AppDelegate.swift; sourceTree = "<group>"; };
		1BB81B6427B26EAF007F7A57 /* ViewController.swift */ = {isa = PBXFileReference; lastKnownFileType = sourcecode.swift; path = ViewController.swift; sourceTree = "<group>"; };
		1BB81B6927B26EB1007F7A57 /* Assets.xcassets */ = {isa = PBXFileReference; lastKnownFileType = folder.assetcatalog; path = Assets.xcassets; sourceTree = "<group>"; };
		1BB81B6C27B26EB1007F7A57 /* Base */ = {isa = PBXFileReference; lastKnownFileType = file.storyboard; name = Base; path = Base.lproj/LaunchScreen.storyboard; sourceTree = "<group>"; };
		1BB81B6E27B26EB1007F7A57 /* Info.plist */ = {isa = PBXFileReference; lastKnownFileType = text.plist.xml; path = Info.plist; sourceTree = "<group>"; };
		1BB81B9F27B2A4E4007F7A57 /* ButtonsHStack.swift */ = {isa = PBXFileReference; lastKnownFileType = sourcecode.swift; path = ButtonsHStack.swift; sourceTree = "<group>"; };
		1BB81BA227B2A539007F7A57 /* NumpadVStack.swift */ = {isa = PBXFileReference; lastKnownFileType = sourcecode.swift; path = NumpadVStack.swift; sourceTree = "<group>"; };
		29A982D48558E3A8C3D6AE71 /* Pods_PG_UIKit_Calculator.framework */ = {isa = PBXFileReference; explicitFileType = wrapper.framework; includeInIndex = 0; path = Pods_PG_UIKit_Calculator.framework; sourceTree = BUILT_PRODUCTS_DIR; };
		588411A3615BA38F9FE1CF4D /* Pods-PG UIKit Calculator.debug.xcconfig */ = {isa = PBXFileReference; includeInIndex = 1; lastKnownFileType = text.xcconfig; name = "Pods-PG UIKit Calculator.debug.xcconfig"; path = "Target Support Files/Pods-PG UIKit Calculator/Pods-PG UIKit Calculator.debug.xcconfig"; sourceTree = "<group>"; };
		AFBCADB1076F7D4F5497739E /* CalculatorViewController.swift */ = {isa = PBXFileReference; fileEncoding = 4; lastKnownFileType = sourcecode.swift; path = CalculatorViewController.swift; sourceTree = "<group>"; };
		AFBCAF06B4BE72D7D06F5D93 /* CalculatorViewModel.swift */ = {isa = PBXFileReference; fileEncoding = 4; lastKnownFileType = sourcecode.swift; path = CalculatorViewModel.swift; sourceTree = "<group>"; };
		FD2AEE806FA30A86648CA688 /* Pods-PG UIKit Calculator.release.xcconfig */ = {isa = PBXFileReference; includeInIndex = 1; lastKnownFileType = text.xcconfig; name = "Pods-PG UIKit Calculator.release.xcconfig"; path = "Target Support Files/Pods-PG UIKit Calculator/Pods-PG UIKit Calculator.release.xcconfig"; sourceTree = "<group>"; };
/* End PBXFileReference section */

/* Begin PBXFrameworksBuildPhase section */
		1BB81B5A27B26EAF007F7A57 /* Frameworks */ = {
			isa = PBXFrameworksBuildPhase;
			buildActionMask = 2147483647;
			files = (
				2E2597152D616DB6DBEBB6C7 /* Pods_PG_UIKit_Calculator.framework in Frameworks */,
			);
			runOnlyForDeploymentPostprocessing = 0;
		};
/* End PBXFrameworksBuildPhase section */

/* Begin PBXGroup section */
		1BB81B5427B26EAF007F7A57 = {
			isa = PBXGroup;
			children = (
				1BB81B5F27B26EAF007F7A57 /* PG UIKit Calculator */,
				1BB81B5E27B26EAF007F7A57 /* Products */,
				EC596EE18C4097872CD14163 /* Pods */,
				F8CA83AFD7AF6455200F8A90 /* Frameworks */,
			);
			sourceTree = "<group>";
		};
		1BB81B5E27B26EAF007F7A57 /* Products */ = {
			isa = PBXGroup;
			children = (
				1BB81B5D27B26EAF007F7A57 /* PG UIKit Calculator.app */,
			);
			name = Products;
			sourceTree = "<group>";
		};
		1BB81B5F27B26EAF007F7A57 /* PG UIKit Calculator */ = {
			isa = PBXGroup;
			children = (
				1BB81B7527B2703F007F7A57 /* Controllers */,
				1BB81B9C27B2A434007F7A57 /* Views */,
				1BB81B6027B26EAF007F7A57 /* AppDelegate.swift */,
				1BB81B6927B26EB1007F7A57 /* Assets.xcassets */,
				1BB81B6B27B26EB1007F7A57 /* LaunchScreen.storyboard */,
				1BB81B6E27B26EB1007F7A57 /* Info.plist */,
			);
			path = "PG UIKit Calculator";
			sourceTree = "<group>";
		};
		1BB81B7527B2703F007F7A57 /* Controllers */ = {
			isa = PBXGroup;
			children = (
				1BB81B6427B26EAF007F7A57 /* ViewController.swift */,
				AFBCAE92F4CB5C1F753F6B35 /* CalculatorViewController */,
			);
			path = Controllers;
			sourceTree = "<group>";
		};
		1BB81B9C27B2A434007F7A57 /* Views */ = {
			isa = PBXGroup;
			children = (
				1BB81BA927B2A9BF007F7A57 /* Stacks */,
			);
			path = Views;
			sourceTree = "<group>";
		};
		1BB81BA927B2A9BF007F7A57 /* Stacks */ = {
			isa = PBXGroup;
			children = (
				1BB81B9F27B2A4E4007F7A57 /* ButtonsHStack.swift */,
				1BB81BA227B2A539007F7A57 /* NumpadVStack.swift */,
			);
			path = Stacks;
			sourceTree = "<group>";
		};
		AFBCAE92F4CB5C1F753F6B35 /* CalculatorViewController */ = {
			isa = PBXGroup;
			children = (
				AFBCADB1076F7D4F5497739E /* CalculatorViewController.swift */,
				AFBCAF06B4BE72D7D06F5D93 /* CalculatorViewModel.swift */,
			);
			path = CalculatorViewController;
			sourceTree = "<group>";
		};
		EC596EE18C4097872CD14163 /* Pods */ = {
			isa = PBXGroup;
			children = (
				588411A3615BA38F9FE1CF4D /* Pods-PG UIKit Calculator.debug.xcconfig */,
				FD2AEE806FA30A86648CA688 /* Pods-PG UIKit Calculator.release.xcconfig */,
			);
			path = Pods;
			sourceTree = "<group>";
		};
		F8CA83AFD7AF6455200F8A90 /* Frameworks */ = {
			isa = PBXGroup;
			children = (
				29A982D48558E3A8C3D6AE71 /* Pods_PG_UIKit_Calculator.framework */,
			);
			name = Frameworks;
			sourceTree = "<group>";
		};
/* End PBXGroup section */

/* Begin PBXNativeTarget section */
		1BB81B5C27B26EAF007F7A57 /* PG UIKit Calculator */ = {
			isa = PBXNativeTarget;
			buildConfigurationList = 1BB81B7127B26EB1007F7A57 /* Build configuration list for PBXNativeTarget "PG UIKit Calculator" */;
			buildPhases = (
				787424C5F5BEA3872E7542C7 /* [CP] Check Pods Manifest.lock */,
				1BB81B5927B26EAF007F7A57 /* Sources */,
				1BB81B5A27B26EAF007F7A57 /* Frameworks */,
				1BB81B5B27B26EAF007F7A57 /* Resources */,
				624344C0E11A2AEAECCCD213 /* [CP] Embed Pods Frameworks */,
			);
			buildRules = (
			);
			dependencies = (
			);
			name = "PG UIKit Calculator";
			productName = "PG UIKit Calculator";
			productReference = 1BB81B5D27B26EAF007F7A57 /* PG UIKit Calculator.app */;
			productType = "com.apple.product-type.application";
		};
/* End PBXNativeTarget section */

/* Begin PBXProject section */
		1BB81B5527B26EAF007F7A57 /* Project object */ = {
			isa = PBXProject;
			attributes = {
				BuildIndependentTargetsInParallel = 1;
				LastSwiftUpdateCheck = 1320;
				LastUpgradeCheck = 1320;
				TargetAttributes = {
					1BB81B5C27B26EAF007F7A57 = {
						CreatedOnToolsVersion = 13.2.1;
					};
				};
			};
			buildConfigurationList = 1BB81B5827B26EAF007F7A57 /* Build configuration list for PBXProject "PG UIKit Calculator" */;
			compatibilityVersion = "Xcode 13.0";
			developmentRegion = en;
			hasScannedForEncodings = 0;
			knownRegions = (
				en,
				Base,
			);
			mainGroup = 1BB81B5427B26EAF007F7A57;
			productRefGroup = 1BB81B5E27B26EAF007F7A57 /* Products */;
			projectDirPath = "";
			projectRoot = "";
			targets = (
				1BB81B5C27B26EAF007F7A57 /* PG UIKit Calculator */,
			);
		};
/* End PBXProject section */

/* Begin PBXResourcesBuildPhase section */
		1BB81B5B27B26EAF007F7A57 /* Resources */ = {
			isa = PBXResourcesBuildPhase;
			buildActionMask = 2147483647;
			files = (
				1BB81B6D27B26EB1007F7A57 /* LaunchScreen.storyboard in Resources */,
				1BB81B6A27B26EB1007F7A57 /* Assets.xcassets in Resources */,
			);
			runOnlyForDeploymentPostprocessing = 0;
		};
/* End PBXResourcesBuildPhase section */

/* Begin PBXShellScriptBuildPhase section */
		624344C0E11A2AEAECCCD213 /* [CP] Embed Pods Frameworks */ = {
			isa = PBXShellScriptBuildPhase;
			buildActionMask = 2147483647;
			files = (
			);
			inputFileListPaths = (
				"${PODS_ROOT}/Target Support Files/Pods-PG UIKit Calculator/Pods-PG UIKit Calculator-frameworks-${CONFIGURATION}-input-files.xcfilelist",
			);
			name = "[CP] Embed Pods Frameworks";
			outputFileListPaths = (
				"${PODS_ROOT}/Target Support Files/Pods-PG UIKit Calculator/Pods-PG UIKit Calculator-frameworks-${CONFIGURATION}-output-files.xcfilelist",
			);
			runOnlyForDeploymentPostprocessing = 0;
			shellPath = /bin/sh;
			shellScript = "\"${PODS_ROOT}/Target Support Files/Pods-PG UIKit Calculator/Pods-PG UIKit Calculator-frameworks.sh\"\n";
			showEnvVarsInLog = 0;
		};
		787424C5F5BEA3872E7542C7 /* [CP] Check Pods Manifest.lock */ = {
			isa = PBXShellScriptBuildPhase;
			buildActionMask = 2147483647;
			files = (
			);
			inputFileListPaths = (
			);
			inputPaths = (
				"${PODS_PODFILE_DIR_PATH}/Podfile.lock",
				"${PODS_ROOT}/Manifest.lock",
			);
			name = "[CP] Check Pods Manifest.lock";
			outputFileListPaths = (
			);
			outputPaths = (
				"$(DERIVED_FILE_DIR)/Pods-PG UIKit Calculator-checkManifestLockResult.txt",
			);
			runOnlyForDeploymentPostprocessing = 0;
			shellPath = /bin/sh;
			shellScript = "diff \"${PODS_PODFILE_DIR_PATH}/Podfile.lock\" \"${PODS_ROOT}/Manifest.lock\" > /dev/null\nif [ $? != 0 ] ; then\n    # print error to STDERR\n    echo \"error: The sandbox is not in sync with the Podfile.lock. Run 'pod install' or update your CocoaPods installation.\" >&2\n    exit 1\nfi\n# This output is used by Xcode 'outputs' to avoid re-running this script phase.\necho \"SUCCESS\" > \"${SCRIPT_OUTPUT_FILE_0}\"\n";
			showEnvVarsInLog = 0;
		};
/* End PBXShellScriptBuildPhase section */

/* Begin PBXSourcesBuildPhase section */
		1BB81B5927B26EAF007F7A57 /* Sources */ = {
			isa = PBXSourcesBuildPhase;
			buildActionMask = 2147483647;
			files = (
				1BB81B6527B26EAF007F7A57 /* ViewController.swift in Sources */,
				1BB81BA027B2A4E4007F7A57 /* ButtonsHStack.swift in Sources */,
				1BB81BA327B2A539007F7A57 /* NumpadVStack.swift in Sources */,
				1BB81B6127B26EAF007F7A57 /* AppDelegate.swift in Sources */,
				AFBCA37AD07E45E774C27A05 /* CalculatorViewController.swift in Sources */,
				AFBCAF2AC498C5A6C3B6DD64 /* CalculatorViewModel.swift in Sources */,
			);
			runOnlyForDeploymentPostprocessing = 0;
		};
/* End PBXSourcesBuildPhase section */

/* Begin PBXVariantGroup section */
		1BB81B6B27B26EB1007F7A57 /* LaunchScreen.storyboard */ = {
			isa = PBXVariantGroup;
			children = (
				1BB81B6C27B26EB1007F7A57 /* Base */,
			);
			name = LaunchScreen.storyboard;
			sourceTree = "<group>";
		};
/* End PBXVariantGroup section */

/* Begin XCBuildConfiguration section */
		1BB81B6F27B26EB1007F7A57 /* Debug */ = {
			isa = XCBuildConfiguration;
			buildSettings = {
				ALWAYS_SEARCH_USER_PATHS = NO;
				CLANG_ANALYZER_NONNULL = YES;
				CLANG_ANALYZER_NUMBER_OBJECT_CONVERSION = YES_AGGRESSIVE;
				CLANG_CXX_LANGUAGE_STANDARD = "gnu++17";
				CLANG_CXX_LIBRARY = "libc++";
				CLANG_ENABLE_MODULES = YES;
				CLANG_ENABLE_OBJC_ARC = YES;
				CLANG_ENABLE_OBJC_WEAK = YES;
				CLANG_WARN_BLOCK_CAPTURE_AUTORELEASING = YES;
				CLANG_WARN_BOOL_CONVERSION = YES;
				CLANG_WARN_COMMA = YES;
				CLANG_WARN_CONSTANT_CONVERSION = YES;
				CLANG_WARN_DEPRECATED_OBJC_IMPLEMENTATIONS = YES;
				CLANG_WARN_DIRECT_OBJC_ISA_USAGE = YES_ERROR;
				CLANG_WARN_DOCUMENTATION_COMMENTS = YES;
				CLANG_WARN_EMPTY_BODY = YES;
				CLANG_WARN_ENUM_CONVERSION = YES;
				CLANG_WARN_INFINITE_RECURSION = YES;
				CLANG_WARN_INT_CONVERSION = YES;
				CLANG_WARN_NON_LITERAL_NULL_CONVERSION = YES;
				CLANG_WARN_OBJC_IMPLICIT_RETAIN_SELF = YES;
				CLANG_WARN_OBJC_LITERAL_CONVERSION = YES;
				CLANG_WARN_OBJC_ROOT_CLASS = YES_ERROR;
				CLANG_WARN_QUOTED_INCLUDE_IN_FRAMEWORK_HEADER = YES;
				CLANG_WARN_RANGE_LOOP_ANALYSIS = YES;
				CLANG_WARN_STRICT_PROTOTYPES = YES;
				CLANG_WARN_SUSPICIOUS_MOVE = YES;
				CLANG_WARN_UNGUARDED_AVAILABILITY = YES_AGGRESSIVE;
				CLANG_WARN_UNREACHABLE_CODE = YES;
				CLANG_WARN__DUPLICATE_METHOD_MATCH = YES;
				COPY_PHASE_STRIP = NO;
				DEBUG_INFORMATION_FORMAT = dwarf;
				ENABLE_STRICT_OBJC_MSGSEND = YES;
				ENABLE_TESTABILITY = YES;
				GCC_C_LANGUAGE_STANDARD = gnu11;
				GCC_DYNAMIC_NO_PIC = NO;
				GCC_NO_COMMON_BLOCKS = YES;
				GCC_OPTIMIZATION_LEVEL = 0;
				GCC_PREPROCESSOR_DEFINITIONS = (
					"DEBUG=1",
					"$(inherited)",
				);
				GCC_WARN_64_TO_32_BIT_CONVERSION = YES;
				GCC_WARN_ABOUT_RETURN_TYPE = YES_ERROR;
				GCC_WARN_UNDECLARED_SELECTOR = YES;
				GCC_WARN_UNINITIALIZED_AUTOS = YES_AGGRESSIVE;
				GCC_WARN_UNUSED_FUNCTION = YES;
				GCC_WARN_UNUSED_VARIABLE = YES;
				IPHONEOS_DEPLOYMENT_TARGET = 15.2;
				MTL_ENABLE_DEBUG_INFO = INCLUDE_SOURCE;
				MTL_FAST_MATH = YES;
				ONLY_ACTIVE_ARCH = YES;
				SDKROOT = iphoneos;
				SWIFT_ACTIVE_COMPILATION_CONDITIONS = DEBUG;
				SWIFT_OPTIMIZATION_LEVEL = "-Onone";
			};
			name = Debug;
		};
		1BB81B7027B26EB1007F7A57 /* Release */ = {
			isa = XCBuildConfiguration;
			buildSettings = {
				ALWAYS_SEARCH_USER_PATHS = NO;
				CLANG_ANALYZER_NONNULL = YES;
				CLANG_ANALYZER_NUMBER_OBJECT_CONVERSION = YES_AGGRESSIVE;
				CLANG_CXX_LANGUAGE_STANDARD = "gnu++17";
				CLANG_CXX_LIBRARY = "libc++";
				CLANG_ENABLE_MODULES = YES;
				CLANG_ENABLE_OBJC_ARC = YES;
				CLANG_ENABLE_OBJC_WEAK = YES;
				CLANG_WARN_BLOCK_CAPTURE_AUTORELEASING = YES;
				CLANG_WARN_BOOL_CONVERSION = YES;
				CLANG_WARN_COMMA = YES;
				CLANG_WARN_CONSTANT_CONVERSION = YES;
				CLANG_WARN_DEPRECATED_OBJC_IMPLEMENTATIONS = YES;
				CLANG_WARN_DIRECT_OBJC_ISA_USAGE = YES_ERROR;
				CLANG_WARN_DOCUMENTATION_COMMENTS = YES;
				CLANG_WARN_EMPTY_BODY = YES;
				CLANG_WARN_ENUM_CONVERSION = YES;
				CLANG_WARN_INFINITE_RECURSION = YES;
				CLANG_WARN_INT_CONVERSION = YES;
				CLANG_WARN_NON_LITERAL_NULL_CONVERSION = YES;
				CLANG_WARN_OBJC_IMPLICIT_RETAIN_SELF = YES;
				CLANG_WARN_OBJC_LITERAL_CONVERSION = YES;
				CLANG_WARN_OBJC_ROOT_CLASS = YES_ERROR;
				CLANG_WARN_QUOTED_INCLUDE_IN_FRAMEWORK_HEADER = YES;
				CLANG_WARN_RANGE_LOOP_ANALYSIS = YES;
				CLANG_WARN_STRICT_PROTOTYPES = YES;
				CLANG_WARN_SUSPICIOUS_MOVE = YES;
				CLANG_WARN_UNGUARDED_AVAILABILITY = YES_AGGRESSIVE;
				CLANG_WARN_UNREACHABLE_CODE = YES;
				CLANG_WARN__DUPLICATE_METHOD_MATCH = YES;
				COPY_PHASE_STRIP = NO;
				DEBUG_INFORMATION_FORMAT = "dwarf-with-dsym";
				ENABLE_NS_ASSERTIONS = NO;
				ENABLE_STRICT_OBJC_MSGSEND = YES;
				GCC_C_LANGUAGE_STANDARD = gnu11;
				GCC_NO_COMMON_BLOCKS = YES;
				GCC_WARN_64_TO_32_BIT_CONVERSION = YES;
				GCC_WARN_ABOUT_RETURN_TYPE = YES_ERROR;
				GCC_WARN_UNDECLARED_SELECTOR = YES;
				GCC_WARN_UNINITIALIZED_AUTOS = YES_AGGRESSIVE;
				GCC_WARN_UNUSED_FUNCTION = YES;
				GCC_WARN_UNUSED_VARIABLE = YES;
				IPHONEOS_DEPLOYMENT_TARGET = 15.2;
				MTL_ENABLE_DEBUG_INFO = NO;
				MTL_FAST_MATH = YES;
				SDKROOT = iphoneos;
				SWIFT_COMPILATION_MODE = wholemodule;
				SWIFT_OPTIMIZATION_LEVEL = "-O";
				VALIDATE_PRODUCT = YES;
			};
			name = Release;
		};
		1BB81B7227B26EB1007F7A57 /* Debug */ = {
			isa = XCBuildConfiguration;
			baseConfigurationReference = 588411A3615BA38F9FE1CF4D /* Pods-PG UIKit Calculator.debug.xcconfig */;
			buildSettings = {
				ASSETCATALOG_COMPILER_APPICON_NAME = AppIcon;
				ASSETCATALOG_COMPILER_GLOBAL_ACCENT_COLOR_NAME = AccentColor;
				CODE_SIGN_STYLE = Automatic;
				CURRENT_PROJECT_VERSION = 1;
				DEVELOPMENT_TEAM = G2D43ULH2L;
				GENERATE_INFOPLIST_FILE = YES;
				INFOPLIST_FILE = "PG UIKit Calculator/Info.plist";
				INFOPLIST_KEY_UIApplicationSupportsIndirectInputEvents = YES;
				INFOPLIST_KEY_UILaunchStoryboardName = LaunchScreen;
				INFOPLIST_KEY_UISupportedInterfaceOrientations_iPad = "UIInterfaceOrientationPortrait UIInterfaceOrientationPortraitUpsideDown UIInterfaceOrientationLandscapeLeft UIInterfaceOrientationLandscapeRight";
				INFOPLIST_KEY_UISupportedInterfaceOrientations_iPhone = "UIInterfaceOrientationPortrait UIInterfaceOrientationLandscapeLeft UIInterfaceOrientationLandscapeRight";
				LD_RUNPATH_SEARCH_PATHS = (
					"$(inherited)",
					"@executable_path/Frameworks",
				);
				MARKETING_VERSION = 1.0;
				PRODUCT_BUNDLE_IDENTIFIER = "me.pavelsgarklavs.PG-UIKit-Calculator";
				PRODUCT_NAME = "$(TARGET_NAME)";
				SWIFT_EMIT_LOC_STRINGS = YES;
				SWIFT_VERSION = 5.0;
				TARGETED_DEVICE_FAMILY = "1,2";
			};
			name = Debug;
		};
		1BB81B7327B26EB1007F7A57 /* Release */ = {
			isa = XCBuildConfiguration;
			baseConfigurationReference = FD2AEE806FA30A86648CA688 /* Pods-PG UIKit Calculator.release.xcconfig */;
			buildSettings = {
				ASSETCATALOG_COMPILER_APPICON_NAME = AppIcon;
				ASSETCATALOG_COMPILER_GLOBAL_ACCENT_COLOR_NAME = AccentColor;
				CODE_SIGN_STYLE = Automatic;
				CURRENT_PROJECT_VERSION = 1;
				DEVELOPMENT_TEAM = G2D43ULH2L;
				GENERATE_INFOPLIST_FILE = YES;
				INFOPLIST_FILE = "PG UIKit Calculator/Info.plist";
				INFOPLIST_KEY_UIApplicationSupportsIndirectInputEvents = YES;
				INFOPLIST_KEY_UILaunchStoryboardName = LaunchScreen;
				INFOPLIST_KEY_UISupportedInterfaceOrientations_iPad = "UIInterfaceOrientationPortrait UIInterfaceOrientationPortraitUpsideDown UIInterfaceOrientationLandscapeLeft UIInterfaceOrientationLandscapeRight";
				INFOPLIST_KEY_UISupportedInterfaceOrientations_iPhone = "UIInterfaceOrientationPortrait UIInterfaceOrientationLandscapeLeft UIInterfaceOrientationLandscapeRight";
				LD_RUNPATH_SEARCH_PATHS = (
					"$(inherited)",
					"@executable_path/Frameworks",
				);
				MARKETING_VERSION = 1.0;
				PRODUCT_BUNDLE_IDENTIFIER = "me.pavelsgarklavs.PG-UIKit-Calculator";
				PRODUCT_NAME = "$(TARGET_NAME)";
				SWIFT_EMIT_LOC_STRINGS = YES;
				SWIFT_VERSION = 5.0;
				TARGETED_DEVICE_FAMILY = "1,2";
			};
			name = Release;
		};
/* End XCBuildConfiguration section */

/* Begin XCConfigurationList section */
		1BB81B5827B26EAF007F7A57 /* Build configuration list for PBXProject "PG UIKit Calculator" */ = {
			isa = XCConfigurationList;
			buildConfigurations = (
				1BB81B6F27B26EB1007F7A57 /* Debug */,
				1BB81B7027B26EB1007F7A57 /* Release */,
			);
			defaultConfigurationIsVisible = 0;
			defaultConfigurationName = Release;
		};
		1BB81B7127B26EB1007F7A57 /* Build configuration list for PBXNativeTarget "PG UIKit Calculator" */ = {
			isa = XCConfigurationList;
			buildConfigurations = (
				1BB81B7227B26EB1007F7A57 /* Debug */,
				1BB81B7327B26EB1007F7A57 /* Release */,
			);
			defaultConfigurationIsVisible = 0;
			defaultConfigurationName = Release;
		};
/* End XCConfigurationList section */
	};
	rootObject = 1BB81B5527B26EAF007F7A57 /* Project object */;
}
